
Microsoft Visual Studio Solution File, Format Version 12.00
# Visual Studio Version 16
VisualStudioVersion = 16.0.29728.190
MinimumVisualStudioVersion = 10.0.40219.1
Project("{9A19103F-16F7-4668-BE54-9A1E7A4F7556}") = "Viato.Api", "Viato.Api\Viato.Api.csproj", "{252A2943-D8A3-44AD-9998-B833ECE36C5B}"
EndProject
Project("{FAE04EC0-301F-11D3-BF4B-00C04F79EFBC}") = "Viato.Api.UnitTests", "Viato.Api.UnitTests\Viato.Api.UnitTests.csproj", "{49D655EB-1272-4891-8886-D3EE2581F0FD}"
EndProject
Global
	GlobalSection(SolutionConfigurationPlatforms) = preSolution
		Debug|Any CPU = Debug|Any CPU
		Release|Any CPU = Release|Any CPU
	EndGlobalSection
	GlobalSection(ProjectConfigurationPlatforms) = postSolution
		{252A2943-D8A3-44AD-9998-B833ECE36C5B}.Debug|Any CPU.ActiveCfg = Debug|Any CPU
		{252A2943-D8A3-44AD-9998-B833ECE36C5B}.Debug|Any CPU.Build.0 = Debug|Any CPU
		{252A2943-D8A3-44AD-9998-B833ECE36C5B}.Release|Any CPU.ActiveCfg = Release|Any CPU
		{252A2943-D8A3-44AD-9998-B833ECE36C5B}.Release|Any CPU.Build.0 = Release|Any CPU
		{49D655EB-1272-4891-8886-D3EE2581F0FD}.Debug|Any CPU.ActiveCfg = Debug|Any CPU
		{49D655EB-1272-4891-8886-D3EE2581F0FD}.Debug|Any CPU.Build.0 = Debug|Any CPU
		{49D655EB-1272-4891-8886-D3EE2581F0FD}.Release|Any CPU.ActiveCfg = Release|Any CPU
		{49D655EB-1272-4891-8886-D3EE2581F0FD}.Release|Any CPU.Build.0 = Release|Any CPU
	EndGlobalSection
	GlobalSection(SolutionProperties) = preSolution
		HideSolutionNode = FALSE
	EndGlobalSection
	GlobalSection(ExtensibilityGlobals) = postSolution
		SolutionGuid = {AEC0ADDE-AC4F-44AD-9737-AED70B69A483}
	EndGlobalSection
EndGlobal
